version = 1
revision = 3
requires-python = ">=3.11"

[[package]]
name = "certifi"
version = "2026.6.17"
source = { registry = "https://pypi.org/simple" }
sdist = { url = "https://files.pythonhosted.org/packages/c9/c7/424b75da314c1045981bd9777432fad05a9e0c69daa4ed7e308bbaffe405/certifi-2026.6.17.tar.gz", hash = "sha256:024c88eeec92ca068db80f02b8b07c9cef7b9fe261d1d535abfd5abd6f6af432", size = 134594, upload-time = "2026-06-17T10:31:07.894Z" }
wheels = [
    { url = "https://files.pythonhosted.org/packages/ef/2f/c5464532e965badff2f4c4c1a3a83f5697f0d7c407ed0cda44aaa99bb451/certifi-2026.6.17-py3-none-any.whl", hash = "sha256:2227dcbaafe0d2f59279d1762ddddc37783ed4354594f194ffc31d20f41fc3db", size = 133289, upload-time = "2026-06-17T10:31:06.348Z" },
]

[[package]]
name = "ciso8601"
version = "2.3.3"
source = { registry = "https://pypi.org/simple" }
sdist = { url = "https://files.pythonhosted.org/packages/c1/8a/075724aea06c98626109bfd670c27c248c87b9ba33e637f069bf46e8c4c3/ciso8601-2.3.3.tar.gz", hash = "sha256:db5d78d9fb0de8686fbad1c1c2d168ed52efb6e8bf8774ae26226e5034a46dae", size = 31909, upload-time = "2025-08-20T16:31:33.51Z" }
wheels = [
    { url = "https://files.pythonhosted.org/packages/fc/30/5744492f9e7dbe60a3c92968cdb8987566f5389b8d0e5c60f6d633da45fe/ciso8601-2.3.3-cp311-cp311-macosx_11_0_arm64.whl", hash = "sha256:f068fb60b801640b4d729a3cf79f5b3075c071f0dad3a08e5bf68b89ca41aef7", size = 16076, upload-time = "2025-08-20T16:30:27.005Z" },
    { url = "https://files.pythonhosted.org/packages/e0/c6/ce97f28a3b936a9a6c0abba9905382cb89022b8e1abb37a2150c1caf71d6/ciso8601-2.3.3-cp311-cp311-macosx_11_0_universal2.whl", hash = "sha256:2f347401756cdd552420a4596a0535a4f8193298ff401e41fb31603e182ae302", size = 24110, upload-time = "2025-08-20T16:30:28.243Z" },
    { url = "https://files.pythonhosted.org/packages/dc/89/1af026c7959d39bdbaa6400b76ffb54437fa52698b801d51ddaa14063f0e/ciso8601-2.3.3-cp311-cp311-macosx_11_0_x86_64.whl", hash = "sha256:77e8e691ade14dd0e2ae1bcdd98475c25cd76be34b1cf43d9138bbb7ea7a8a37", size = 15871, upload-time = "2025-08-20T16:30:30.059Z" },
    { url = "https://files.pythonhosted.org/packages/a4/1a/9ae630bf75a51755bf701660a65207b8efa2f95590408832b38e58834d57/ciso8601-2.3.3-cp311-cp311-manylinux1_x86_64.manylinux_2_28_x86_64.manylinux_2_5_x86_64.whl", hash = "sha256:a5839ea7d2edf22e0199587e2ea71bc082b0e7ffce90389c7bdd407c05dbf230", size = 40380, upload-time = "2025-08-20T16:30:31.211Z" },
    { url = "https://files.pythonhosted.org/packages/4f/3c/8671bde2bbf6abb8ceee82db0bc6bcd08066e7104680e3866eda6047adc1/ciso8601-2.3.3-cp311-cp311-manylinux2014_aarch64.manylinux_2_17_aarch64.manylinux_2_28_aarch64.whl", hash = "sha256:de0476ced02b965ef82c20191757f26e14878c76ce8d32a94c1e9ee14658ec6e", size = 40914, upload-time = "2025-08-20T16:30:32.096Z" },
    { url = "https://files.pythonhosted.org/packages/8e/bc/433f91f19ff553653f340e77dbb12afe46de8a84a407ae01483d22ea8f7a/ciso8601-2.3.3-cp311-cp311-musllinux_1_2_aarch64.whl", hash = "sha256:fe9303131af07e3596583e9d7faebb755d44c52c16f8077beeea1b297541fb61", size = 40154, upload-time = "2025-08-20T16:30:33.325Z" },
    { url = "https://files.pythonhosted.org/packages/48/b7/39b905b09f77f2140724707919edea2a3d34b00a9366cd7ad541aefb464e/ciso8601-2.3.3-cp311-cp311-musllinux_1_2_x86_64.whl", hash = "sha256:4c443761b899e4e350a647b3439f8e999d6c925dc4e83887b3063b13c2a9b195", size = 40428, upload-time = "2025-08-20T16:30:34.626Z" },
    { url = "https://files.pythonhosted.org/packages/f2/11/e676e1ac5dd8523dfc2e06c799840103343dc13c650d6ed06c63a8e41d5a/ciso8601-2.3.3-cp311-cp311-win_amd64.whl", hash = "sha256:e3a395ebc5932982a72841820a6bf6e5cd1d41a760cd15ffafd1d4e963c9b802", size = 17519, upload-time = "2025-08-20T16:30:35.539Z" },
    { url = "https://files.pythonhosted.org/packages/62/aa/b723a6981cfc42bbe992da23179f5dd1556e9054067985108ec6cbe34dd3/ciso8601-2.3.3-cp312-cp312-macosx_11_0_arm64.whl", hash = "sha256:e7ef14610446211c4102bf6c67f32619ab341e56db15bad6884385b43c12b064", size = 16111, upload-time = "2025-08-20T16:30:36.781Z" },
    { url = "https://files.pythonhosted.org/packages/0a/e9/e547ec4dd75f28d8d217488130fa07767bc42fd643d61a18870487133c0e/ciso8601-2.3.3-cp312-cp312-macosx_11_0_universal2.whl", hash = "sha256:523901aec6b0ccdf255c863ef161f476197f177c5cd33f2fbb35955c5f97fdb4", size = 24193, upload-time = "2025-08-20T16:30:38.067Z" },
    { url = "https://files.pythonhosted.org/packages/14/c8/801b78e30667cb31b4524e9dc26cbc2c03c012f9aa3f5ae21676461dc622/ciso8601-2.3.3-cp312-cp312-macosx_11_0_x86_64.whl", hash = "sha256:45f8254d1fb0a41e20f98e93075db7b56504adddf65e4c8b397671feba4861ca", size = 15917, upload-time = "2025-08-20T16:30:39.375Z" },
    { url = "https://files.pythonhosted.org/packages/44/6b/dfc56a2a4e572a2a3f8c88a66dea6a9186a8e10da7c36cc84abc31bf795c/ciso8601-2.3.3-cp312-cp312-manylinux1_x86_64.manylinux_2_28_x86_64.manylinux_2_5_x86_64.whl", hash = "sha256:202ca99077577683e6a84d394ff2677ec19d9f406fbf35734f68be85d2bcd3f1", size = 41324, upload-time = "2025-08-20T16:30:40.321Z" },
    { url = "https://files.pythonhosted.org/packages/7c/57/cf66171cb5807fe345b03ce9e32fd91b3a8b6e5bd95710618a9a1b0f3fab/ciso8601-2.3.3-cp312-cp312-manylinux2014_aarch64.manylinux_2_17_aarch64.manylinux_2_28_aarch64.whl", hash = "sha256:a7cec4e31c363e87221f2561e7083ce055a82de041e822e7c3775f8ce6250a7e", size = 41804, upload-time = "2025-08-20T16:30:41.204Z" },
    { url = "https://files.pythonhosted.org/packages/75/91/15e8871d7ae2ff0f756128e246348bdede58c08edba13cd886450ceeb304/ciso8601-2.3.3-cp312-cp312-musllinux_1_2_aarch64.whl", hash = "sha256:389fef3ccc3065fa21cb6ef7d03aee63ab980591b5d87b9f0bbe349f52b16bdc", size = 41209, upload-time = "2025-08-20T16:30:42.46Z" },
    { url = "https://files.pythonhosted.org/packages/30/54/7563e20a158a4bdf3e8d13c63e02b71f9b73c662edc83cb4d5ab67171a7d/ciso8601-2.3.3-cp312-cp312-musllinux_1_2_x86_64.whl", hash = "sha256:c4499cfbe4da092dea95ab81aefc78b98e2d7464518e6e80107cf2b9b1f65fa2", size = 41368, upload-time = "2025-08-20T16:30:43.397Z" },
    { url = "https://files.pythonhosted.org/packages/cc/d5/6182006dd86365bb21d1f658f70c41e266ce0f97eaf353f9d7069c51851f/ciso8601-2.3.3-cp312-cp312-win_amd64.whl", hash = "sha256:1df1ca3791c6f2d543f091d88e728a60a31681ff900d9eb02f1403cf31e9c177", size = 17566, upload-time = "2025-08-20T16:30:44.706Z" },
    { url = "https://files.pythonhosted.org/packages/01/16/88154fe8247e4dcfdbaed8c6b8ccf32b1dd4389c6c95b1986bf31649eb00/ciso8601-2.3.3-cp313-cp313-macosx_11_0_arm64.whl", hash = "sha256:8afa073802c926c3244e1e5fcc5818afd3acb90fb7826a90f91ddbda0636ea70", size = 16109, upload-time = "2025-08-20T16:30:45.655Z" },
    { url = "https://files.pythonhosted.org/packages/be/46/8d46372b3802c7201c20c8b316569f27253aaafba0cdd2cd033985e8b77e/ciso8601-2.3.3-cp313-cp313-macosx_11_0_universal2.whl", hash = "sha256:8a04e518b4adf8e35e030feaecdb4a835d39b9bb44d207e926aea8ce3447ad7c", size = 24189, upload-time = "2025-08-20T16:30:46.958Z" },
    { url = "https://files.pythonhosted.org/packages/13/80/1890e097cb76e41995de82f29c0289ca590d7135e0be3707e5b78f54350d/ciso8601-2.3.3-cp313-cp313-macosx_11_0_x86_64.whl", hash = "sha256:f79ad8372463ba4265981016d1648bc05f4922bc8044c4243fcbaef7a12ee9f7", size = 15925, upload-time = "2025-08-20T16:30:48.082Z" },
    { url = "https://files.pythonhosted.org/packages/a7/e9/690a2a6beefd9d982c20adde3f09ff54a23291a699b0df7cf0c59027d9cf/ciso8601-2.3.3-cp313-cp313-manylinux1_x86_64.manylinux_2_28_x86_64.manylinux_2_5_x86_64.whl", hash = "sha256:d5894a33f119b5ac1082df187dc58c74fe13c9c092e19ba36495c2b7cee3540b", size = 41352, upload-time = "2025-08-20T16:30:49.294Z" },
    { url = "https://files.pythonhosted.org/packages/2f/34/9a498ceb0ebd23f538e6685721c9fc4666701372c651874ed22ec46b1423/ciso8601-2.3.3-cp313-cp313-manylinux2014_aarch64.manylinux_2_17_aarch64.manylinux_2_28_aarch64.whl", hash = "sha256:09deebf3e326ec59d80019b4ad35175c90b99cde789c644b1496811fe3340587", size = 41866, upload-time = "2025-08-20T16:30:50.262Z" },
    { url = "https://files.pythonhosted.org/packages/f7/0a/ee0981502aa1c9f28f7e89cf6cee08bdff2c6ed9d4289b00cceb8a1c500e/ciso8601-2.3.3-cp313-cp313-musllinux_1_2_aarch64.whl", hash = "sha256:3aa43ed59b2117baccc5bb760e5e53dad77cacba671d757c1e82e0a367b1f42a", size = 41271, upload-time = "2025-08-20T16:30:51.198Z" },
    { url = "https://files.pythonhosted.org/packages/fb/65/24a888240324188d8350bc24fb58a6d759c0ca43adfa77210f3d60370b56/ciso8601-2.3.3-cp313-cp313-musllinux_1_2_x86_64.whl", hash = "sha256:289515aa3a3b86a9c3450bf482f634138b98788332d136751507bfdfe46e6031", size = 41411, upload-time = "2025-08-20T16:30:52.439Z" },
    { url = "https://files.pythonhosted.org/packages/3d/1f/febc9de191acb461e02e616e5366bc2b7757277a11b4bf215d4fb79516a8/ciso8601-2.3.3-cp313-cp313-win_amd64.whl", hash = "sha256:e7288068a5bffbcc50cbe9cdaf3971f541fcd209c194fa6a59ad06066a3dcff0", size = 17573, upload-time = "2025-08-20T16:30:53.759Z" },
    { url = "https://files.pythonhosted.org/packages/ef/3a/54ad0ae2257870076b4990545a8f16221470fecea0aa7a4e1f39506db8c5/ciso8601-2.3.3-cp314-cp314-macosx_11_0_arm64.whl", hash = "sha256:82db4047d74d8b1d129e7a8da578518729912c3bd19cb71541b147e41f426381", size = 16115, upload-time = "2025-08-20T16:30:54.971Z" },
    { url = "https://files.pythonhosted.org/packages/23/fb/9fe767d44520691e2b706769466852fbdeb44a82dc294c2766bce1049d22/ciso8601-2.3.3-cp314-cp314-macosx_11_0_universal2.whl", hash = "sha256:a553f3fc03a2ed5ca6f5716de0b314fa166461df01b45d8b36043ccac3a5e79f", size = 24214, upload-time = "2025-08-20T16:30:56.359Z" },
    { url = "https://files.pythonhosted.org/packages/a1/ac/984fd3948f372c46c436a2b48da43f4fb7bc6f156a6f4bc858adaab79d42/ciso8601-2.3.3-cp314-cp314-macosx_11_0_x86_64.whl", hash = "sha256:ff59c26083b7bef6df4f0d96e4b649b484806d3d7bcc2de14ad43147c3aafb04", size = 15929, upload-time = "2025-08-20T16:30:58.352Z" },
    { url = "https://files.pythonhosted.org/packages/de/3a/5572917d4e0bec2c1ef0eda8652f9dc8d1850d29d3eef9e5e82ffe5d6791/ciso8601-2.3.3-cp314-cp314-manylinux1_x86_64.manylinux_2_28_x86_64.manylinux_2_5_x86_64.whl", hash = "sha256:99a1fa5a730790431d0bfcd1f3a6387f60cddc6853d8dcc5c2e140cd4d67a928", size = 41578, upload-time = "2025-08-20T16:30:59.351Z" },
    { url = "https://files.pythonhosted.org/packages/5e/cf/07321ce5cf099b98de0c02cd4bab4818610da69743003e94c8fb6e8a59cb/ciso8601-2.3.3-cp314-cp314-manylinux2014_aarch64.manylinux_2_17_aarch64.manylinux_2_28_aarch64.whl", hash = "sha256:c35265c1b0bd2ac30ed29b49818dd38b0d1dfda43086af605d8b91722727dec0", size = 42085, upload-time = "2025-08-20T16:31:00.338Z" },
    { url = "https://files.pythonhosted.org/packages/d3/c7/3c521d6779ee433d9596eb3fcded79549bbe371843f25e62006c04f74dc9/ciso8601-2.3.3-cp314-cp314-musllinux_1_2_aarch64.whl", hash = "sha256:aa9df2f84ab25454f14df92b2dd4f9aae03dbfa581565a716b3e89b8e2110c03", size = 41313, upload-time = "2025-08-20T16:31:01.313Z" },
    { url = "https://files.pythonhosted.org/packages/f9/93/efd40db0d6b512be1cbe4e7e750882c2e88f580e17f35b3e9cc9c23004b5/ciso8601-2.3.3-cp314-cp314-musllinux_1_2_x86_64.whl", hash = "sha256:32e06a35eb251cfc4bbe01a858c598da0a160e4ad7f42ff52477157ceaf48061", size = 41443, upload-time = "2025-08-20T16:31:02.357Z" },
    { url = "https://files.pythonhosted.org/packages/21/8e/515f9404faa39af8df5e2b899cafbca5dbe7cd2ffe5cc124ef393ffdaf1c/ciso8601-2.3.3-cp314-cp314-win_amd64.whl", hash = "sha256:7657ba9730dc1340d73b9e61eca14f341c41dd308128c808b8b084d2b85bc03e", size = 17977, upload-time = "2025-08-20T16:31:03.429Z" },
    { url = "https://files.pythonhosted.org/packages/f1/1d/025db546af38ab5236086f462292c50a1f9a4b248a309129a85bb1113996/ciso8601-2.3.3-pp311-pypy311_pp73-manylinux1_x86_64.manylinux_2_28_x86_64.manylinux_2_5_x86_64.whl", hash = "sha256:d5b18c75c66499ef22cb47b429e3b5a137db5a68674365b9ca3cd0e4488d229f", size = 16957, upload-time = "2025-08-20T16:31:27.503Z" },
    { url = "https://files.pythonhosted.org/packages/22/fc/976d9c4b79e28cbda95b1acf574b00f811d9aec0fce55b63d573d6fa446b/ciso8601-2.3.3-pp311-pypy311_pp73-manylinux2014_aarch64.manylinux_2_17_aarch64.manylinux_2_28_aarch64.whl", hash = "sha256:58799673ffdf621fe138fb8af6a89daf4ddefdf7ca4a10777ad8d55f3f171b6e", size = 18284, upload-time = "2025-08-20T16:31:28.43Z" },
]

[[package]]
name = "influxdb-client"
version = "1.50.0"
source = { registry = "https://pypi.org/simple" }
dependencies = [
    { name = "certifi" },
    { name = "python-dateutil" },
    { name = "reactivex" },
    { name = "urllib3" },
]
sdist = { url = "https://files.pythonhosted.org/packages/07/23/77a945465a556a8067917ba84bac04e312cee2a4fe03d41198fe79ed9c84/influxdb_client-1.50.0.tar.gz", hash = "sha256:c2a4906573097103fa6f9a2ab08efe2eb48c2fed60b8129a3e320affde445743", size = 386749, upload-time = "2026-01-23T09:39:39.322Z" }
wheels = [
    { url = "https://files.pythonhosted.org/packages/7f/ec/6b120b4a86f6fadc7ddb1d7c7cdcb15bcfb332deb022ab60df51bcd4494c/influxdb_client-1.50.0-py3-none-any.whl", hash = "sha256:f172975cf7f0c95bfe74f288b31273393b164d2c58a948de55497d9956ab49be", size = 746289, upload-time = "2026-01-23T09:39:37.377Z" },
]

[package.optional-dependencies]
ciso = [
    { name = "ciso8601" },
]

[[package]]
name = "pulse-oximeter-masimo"
version = "0.1.0"
source = { editable = "." }
dependencies = [
    { name = "influxdb-client", extra = ["ciso"] },
    { name = "pyserial" },
]

[package.optional-dependencies]
weather = [
    { name = "rpi-bme280" },
    { name = "smbus2" },
]

[package.metadata]
requires-dist = [
    { name = "influxdb-client", extras = ["ciso"] },
    { name = "pyserial" },
    { name = "rpi-bme280", marker = "extra == 'weather'" },
    { name = "smbus2", marker = "extra == 'weather'" },
]
provides-extras = ["weather"]

[[package]]
name = "pyserial"
version = "3.5"
source = { registry = "https://pypi.org/simple" }
sdist = { url = "https://files.pythonhosted.org/packages/1e/7d/ae3f0a63f41e4d2f6cb66a5b57197850f919f59e558159a4dd3a818f5082/pyserial-3.5.tar.gz", hash = "sha256:3c77e014170dfffbd816e6ffc205e9842efb10be9f58ec16d3e8675b4925cddb", size = 159125, upload-time = "2020-11-23T03:59:15.045Z" }
wheels = [
    { url = "https://files.pythonhosted.org/packages/07/bc/587a445451b253b285629263eb51c2d8e9bcea4fc97826266d186f96f558/pyserial-3.5-py2.py3-none-any.whl", hash = "sha256:c4451db6ba391ca6ca299fb3ec7bae67a5c55dde170964c7a14ceefec02f2cf0", size = 90585, upload-time = "2020-11-23T03:59:13.41Z" },
]

[[package]]
name = "python-dateutil"
version = "2.9.0.post0"
source = { registry = "https://pypi.org/simple" }
dependencies = [
    { name = "six" },
]
sdist = { url = "https://files.pythonhosted.org/packages/66/c0/0c8b6ad9f17a802ee498c46e004a0eb49bc148f2fd230864601a86dcf6db/python-dateutil-2.9.0.post0.tar.gz", hash = "sha256:37dd54208da7e1cd875388217d5e00ebd4179249f90fb72437e91a35459a0ad3", size = 342432, upload-time = "2024-03-01T18:36:20.211Z" }
wheels = [
    { url = "https://files.pythonhosted.org/packages/ec/57/56b9bcc3c9c6a792fcbaf139543cee77261f3651ca9da0c93f5c1221264b/python_dateutil-2.9.0.post0-py2.py3-none-any.whl", hash = "sha256:a8b2bc7bffae282281c8140a97d3aa9c14da0b136dfe83f850eea9a5f7470427", size = 229892, upload-time = "2024-03-01T18:36:18.57Z" },
]

[[package]]
name = "pytz"
version = "2026.2"
source = { registry = "https://pypi.org/simple" }
sdist = { url = "https://files.pythonhosted.org/packages/ff/46/dd499ec9038423421951e4fad73051febaa13d2df82b4064f87af8b8c0c3/pytz-2026.2.tar.gz", hash = "sha256:0e60b47b29f21574376f218fe21abc009894a2321ea16c6754f3cad6eb7cdd6a", size = 320861, upload-time = "2026-05-04T01:35:29.667Z" }
wheels = [
    { url = "https://files.pythonhosted.org/packages/ec/dd/96da98f892250475bdf2328112d7468abdd4acc7b902b6af23f4ed958ea0/pytz-2026.2-py2.py3-none-any.whl", hash = "sha256:04156e608bee23d3792fd45c94ae47fae1036688e75032eea2e3bf0323d1f126", size = 510141, upload-time = "2026-05-04T01:35:27.408Z" },
]

[[package]]
name = "reactivex"
version = "4.1.0"
source = { registry = "https://pypi.org/simple" }
dependencies = [
    { name = "typing-extensions" },
]
sdist = { url = "https://files.pythonhosted.org/packages/b6/af/38a4b62468e4c5bd50acf511d86fe62e65a466aa6abb55b1d59a4a9e57f3/reactivex-4.1.0.tar.gz", hash = "sha256:c7499e3c802bccaa20839b3e17355a7d939573fded3f38ba3d4796278a169a3d", size = 113482, upload-time = "2025-11-05T21:44:24.557Z" }
wheels = [
    { url = "https://files.pythonhosted.org/packages/ba/9e/3c2f5d3abb6c5d82f7696e1e3c69b7279049e928596ce82ed25ca97a08f3/reactivex-4.1.0-py3-none-any.whl", hash = "sha256:485750ec8d9b34bcc8ff4318971d234dc4f595058a1b4435a74aefef4b2bc9bd", size = 218588, upload-time = "2025-11-05T21:44:23.015Z" },
]

[[package]]
name = "rpi-bme280"
version = "0.2.4"
source = { registry = "https://pypi.org/simple" }
dependencies = [
    { name = "pytz" },
    { name = "smbus2" },
]
sdist = { url = "https://files.pythonhosted.org/packages/14/27/636b1924ab8bbdf138868051e767b857bf60ad2d05e17f7b26d2fbf4cbfd/RPi.bme280-0.2.4.tar.gz", hash = "sha256:5b0e9309a2d518f9e120f1343ed4fc81ff69b196db748eabf96dd575a9f48c5d", size = 1733283, upload-time = "2021-12-22T16:47:43.712Z" }
wheels = [
    { url = "https://files.pythonhosted.org/packages/d9/89/42857818741cd2be752ac2cc9f602571c6150c12362a4a4c466fda0ec5eb/RPi.bme280-0.2.4-py2.py3-none-any.whl", hash = "sha256:9dee82a9c4eef23606dc04e4f582821ebafb21fb943dbf588cf38fc0b636fc39", size = 10442, upload-time = "2021-12-22T16:47:45.89Z" },
]

[[package]]
name = "six"
version = "1.17.0"
source = { registry = "https://pypi.org/simple" }
sdist = { url = "https://files.pythonhosted.org/packages/94/e7/b2c673351809dca68a0e064b6af791aa332cf192da575fd474ed7d6f16a2/six-1.17.0.tar.gz", hash = "sha256:ff70335d468e7eb6ec65b95b99d3a2836546063f63acc5171de367e834932a81", size = 34031, upload-time = "2024-12-04T17:35:28.174Z" }
wheels = [
    { url = "https://files.pythonhosted.org/packages/b7/ce/149a00dd41f10bc29e5921b496af8b574d8413afcd5e30dfa0ed46c2cc5e/six-1.17.0-py2.py3-none-any.whl", hash = "sha256:4721f391ed90541fddacab5acf947aa0d3dc7d27b2e1e8eda2be8970586c3274", size = 11050, upload-time = "2024-12-04T17:35:26.475Z" },
]

[[package]]
name = "smbus2"
version = "0.6.1"
source = { registry = "https://pypi.org/simple" }
sdist = { url = "https://files.pythonhosted.org/packages/87/37/b3f7b501502c4915ba3819d1dc277bf3f5fae4a9d067caa4f502aaddd889/smbus2-0.6.1.tar.gz", hash = "sha256:2b043372abf8f6029a632c3aab36b641c5d5872b1cbad599fc68e17ac4fd90a5", size = 17274, upload-time = "2026-04-09T20:37:54.821Z" }
wheels = [
    { url = "https://files.pythonhosted.org/packages/96/f2/c78a68bd739ac8fc608747cff73a4db3b19f3135658ed4e64374f6425cbf/smbus2-0.6.1-py2.py3-none-any.whl", hash = "sha256:650feeb27ca0ed58b07db4c10201c2a662c41305b7bf6e5fab9d888056f48180", size = 11767, upload-time = "2026-04-09T20:37:53.728Z" },
]

[[package]]
name = "typing-extensions"
version = "4.15.0"
source = { registry = "https://pypi.org/simple" }
sdist = { url = "https://files.pythonhosted.org/packages/72/94/1a15dd82efb362ac84269196e94cf00f187f7ed21c242792a923cdb1c61f/typing_extensions-4.15.0.tar.gz", hash = "sha256:0cea48d173cc12fa28ecabc3b837ea3cf6f38c6d1136f85cbaaf598984861466", size = 109391, upload-time = "2025-08-25T13:49:26.313Z" }
wheels = [
    { url = "https://files.pythonhosted.org/packages/18/67/36e9267722cc04a6b9f15c7f3441c2363321a3ea07da7ae0c0707beb2a9c/typing_extensions-4.15.0-py3-none-any.whl", hash = "sha256:f0fa19c6845758ab08074a0cfa8b7aecb71c999ca73d62883bc25cc018c4e548", size = 44614, upload-time = "2025-08-25T13:49:24.86Z" },
]

[[package]]
name = "urllib3"
version = "2.7.0"
source = { registry = "https://pypi.org/simple" }
sdist = { url = "https://files.pythonhosted.org/packages/53/0c/06f8b233b8fd13b9e5ee11424ef85419ba0d8ba0b3138bf360be2ff56953/urllib3-2.7.0.tar.gz", hash = "sha256:231e0ec3b63ceb14667c67be60f2f2c40a518cb38b03af60abc813da26505f4c", size = 433602, upload-time = "2026-05-07T16:13:18.596Z" }
wheels = [
    { url = "https://files.pythonhosted.org/packages/7f/3e/5db95bcf282c52709639744ca2a8b149baccf648e39c8cc87553df9eae0c/urllib3-2.7.0-py3-none-any.whl", hash = "sha256:9fb4c81ebbb1ce9531cce37674bbc6f1360472bc18ca9a553ede278ef7276897", size = 131087, upload-time = "2026-05-07T16:13:17.151Z" },
]
